
Microsoft Visual Studio Solution File, Format Version 12.00
# Visual Studio Version 17
VisualStudioVersion = 17.10.35004.147
MinimumVisualStudioVersion = 10.0.40219.1
Project("{FAE04EC0-301F-11D3-BF4B-00C04F79EFBC}") = "Guess the number", "Guess the number\Guess the number.csproj", "{A85BECBF-FEA0-46B3-A8ED-07B66F7B8977}"
EndProject
Global
	GlobalSection(SolutionConfigurationPlatforms) = preSolution
		Debug|Any CPU = Debug|Any CPU
		Release|Any CPU = Release|Any CPU
	EndGlobalSection
	GlobalSection(ProjectConfigurationPlatforms) = postSolution
		{A85BECBF-FEA0-46B3-A8ED-07B66F7B8977}.Debug|Any CPU.ActiveCfg = Debug|Any CPU
		{A85BECBF-FEA0-46B3-A8ED-07B66F7B8977}.Debug|Any CPU.Build.0 = Debug|Any CPU
		{A85BECBF-FEA0-46B3-A8ED-07B66F7B8977}.Release|Any CPU.ActiveCfg = Release|Any CPU
		{A85BECBF-FEA0-46B3-A8ED-07B66F7B8977}.Release|Any CPU.Build.0 = Release|Any CPU
	EndGlobalSection
	GlobalSection(SolutionProperties) = preSolution
		HideSolutionNode = FALSE
	EndGlobalSection
	GlobalSection(ExtensibilityGlobals) = postSolution
		SolutionGuid = {4C8ADE0B-1F9F-4A6A-91F6-4D7F72F71EC2}
	EndGlobalSection
EndGlobal
